
Microsoft Visual Studio Solution File, Format Version 12.00
# Visual Studio Version 17
VisualStudioVersion = 17.0.31903.59
MinimumVisualStudioVersion = 10.0.40219.1
Project("{FAE04EC0-301F-11D3-BF4B-00C04F79EFBC}") = "TradieMateWeb.API", "TradieMateWeb.API\TradieMateWeb.API.csproj", "{D144431E-ADCB-4527-A10E-85002565C37B}"
EndProject
Project("{FAE04EC0-301F-11D3-BF4B-00C04F79EFBC}") = "TradieMateWeb.Client", "TradieMateWeb.Client\TradieMateWeb.Client.csproj", "{616A3629-12D6-4D09-B233-16CB843DA70F}"
EndProject
Global
	GlobalSection(SolutionConfigurationPlatforms) = preSolution
		Debug|Any CPU = Debug|Any CPU
		Debug|x64 = Debug|x64
		Debug|x86 = Debug|x86
		Release|Any CPU = Release|Any CPU
		Release|x64 = Release|x64
		Release|x86 = Release|x86
	EndGlobalSection
	GlobalSection(ProjectConfigurationPlatforms) = postSolution
		{D144431E-ADCB-4527-A10E-85002565C37B}.Debug|Any CPU.ActiveCfg = Debug|Any CPU
		{D144431E-ADCB-4527-A10E-85002565C37B}.Debug|Any CPU.Build.0 = Debug|Any CPU
		{D144431E-ADCB-4527-A10E-85002565C37B}.Debug|x64.ActiveCfg = Debug|Any CPU
		{D144431E-ADCB-4527-A10E-85002565C37B}.Debug|x64.Build.0 = Debug|Any CPU
		{D144431E-ADCB-4527-A10E-85002565C37B}.Debug|x86.ActiveCfg = Debug|Any CPU
		{D144431E-ADCB-4527-A10E-85002565C37B}.Debug|x86.Build.0 = Debug|Any CPU
		{D144431E-ADCB-4527-A10E-85002565C37B}.Release|Any CPU.ActiveCfg = Release|Any CPU
		{D144431E-ADCB-4527-A10E-85002565C37B}.Release|Any CPU.Build.0 = Release|Any CPU
		{D144431E-ADCB-4527-A10E-85002565C37B}.Release|x64.ActiveCfg = Release|Any CPU
		{D144431E-ADCB-4527-A10E-85002565C37B}.Release|x64.Build.0 = Release|Any CPU
		{D144431E-ADCB-4527-A10E-85002565C37B}.Release|x86.ActiveCfg = Release|Any CPU
		{D144431E-ADCB-4527-A10E-85002565C37B}.Release|x86.Build.0 = Release|Any CPU
		{616A3629-12D6-4D09-B233-16CB843DA70F}.Debug|Any CPU.ActiveCfg = Debug|Any CPU
		{616A3629-12D6-4D09-B233-16CB843DA70F}.Debug|Any CPU.Build.0 = Debug|Any CPU
		{616A3629-12D6-4D09-B233-16CB843DA70F}.Debug|x64.ActiveCfg = Debug|Any CPU
		{616A3629-12D6-4D09-B233-16CB843DA70F}.Debug|x64.Build.0 = Debug|Any CPU
		{616A3629-12D6-4D09-B233-16CB843DA70F}.Debug|x86.ActiveCfg = Debug|Any CPU
		{616A3629-12D6-4D09-B233-16CB843DA70F}.Debug|x86.Build.0 = Debug|Any CPU
		{616A3629-12D6-4D09-B233-16CB843DA70F}.Release|Any CPU.ActiveCfg = Release|Any CPU
		{616A3629-12D6-4D09-B233-16CB843DA70F}.Release|Any CPU.Build.0 = Release|Any CPU
		{616A3629-12D6-4D09-B233-16CB843DA70F}.Release|x64.ActiveCfg = Release|Any CPU
		{616A3629-12D6-4D09-B233-16CB843DA70F}.Release|x64.Build.0 = Release|Any CPU
		{616A3629-12D6-4D09-B233-16CB843DA70F}.Release|x86.ActiveCfg = Release|Any CPU
		{616A3629-12D6-4D09-B233-16CB843DA70F}.Release|x86.Build.0 = Release|Any CPU
	EndGlobalSection
	GlobalSection(SolutionProperties) = preSolution
		HideSolutionNode = FALSE
	EndGlobalSection
EndGlobal
